// !$*UTF8*$!
{
	archiveVersion = 1;
	classes = {
	};
	objectVersion = 50;
	objects = {

/* Begin PBXBuildFile section */
		6B56D2D924ACDBF700C6E3D3 /* AppDelegate.swift in Sources */ = {isa = PBXBuildFile; fileRef = 6B56D2D824ACDBF700C6E3D3 /* AppDelegate.swift */; };
		6B56D2DB24ACDBF700C6E3D3 /* SceneDelegate.swift in Sources */ = {isa = PBXBuildFile; fileRef = 6B56D2DA24ACDBF700C6E3D3 /* SceneDelegate.swift */; };
		6B56D2DD24ACDBF700C6E3D3 /* ContentView.swift in Sources */ = {isa = PBXBuildFile; fileRef = 6B56D2DC24ACDBF700C6E3D3 /* ContentView.swift */; };
		6B56D2DF24ACDBF900C6E3D3 /* Assets.xcassets in Resources */ = {isa = PBXBuildFile; fileRef = 6B56D2DE24ACDBF900C6E3D3 /* Assets.xcassets */; };
		6B56D2E224ACDBF900C6E3D3 /* Preview Assets.xcassets in Resources */ = {isa = PBXBuildFile; fileRef = 6B56D2E124ACDBF900C6E3D3 /* Preview Assets.xcassets */; };
		6B56D2E524ACDBF900C6E3D3 /* LaunchScreen.storyboard in Resources */ = {isa = PBXBuildFile; fileRef = 6B56D2E324ACDBF900C6E3D3 /* LaunchScreen.storyboard */; };
/* End PBXBuildFile section */

/* Begin PBXFileReference section */
		6B56D2D524ACDBF700C6E3D3 /* Slots Demo.app */ = {isa = PBXFileReference; explicitFileType = wrapper.application; includeInIndex = 0; path = "Slots Demo.app"; sourceTree = BUILT_PRODUCTS_DIR; };
		6B56D2D824ACDBF700C6E3D3 /* AppDelegate.swift */ = {isa = PBXFileReference; lastKnownFileType = sourcecode.swift; path = AppDelegate.swift; sourceTree = "<group>"; };
		6B56D2DA24ACDBF700C6E3D3 /* SceneDelegate.swift */ = {isa = PBXFileReference; lastKnownFileType = sourcecode.swift; path = SceneDelegate.swift; sourceTree = "<group>"; };
		6B56D2DC24ACDBF700C6E3D3 /* ContentView.swift */ = {isa = PBXFileReference; lastKnownFileType = sourcecode.swift; path = ContentView.swift; sourceTree = "<group>"; };
		6B56D2DE24ACDBF900C6E3D3 /* Assets.xcassets */ = {isa = PBXFileReference; lastKnownFileType = folder.assetcatalog; path = Assets.xcassets; sourceTree = "<group>"; };
		6B56D2E124ACDBF900C6E3D3 /* Preview Assets.xcassets */ = {isa = PBXFileReference; lastKnownFileType = folder.assetcatalog; path = "Preview Assets.xcassets"; sourceTree = "<group>"; };
		6B56D2E424ACDBF900C6E3D3 /* Base */ = {isa = PBXFileReference; lastKnownFileType = file.storyboard; name = Base; path = Base.lproj/LaunchScreen.storyboard; sourceTree = "<group>"; };
		6B56D2E624ACDBF900C6E3D3 /* Info.plist */ = {isa = PBXFileReference; lastKnownFileType = text.plist.xml; path = Info.plist; sourceTree = "<group>"; };
/* End PBXFileReference section */

/* Begin PBXFrameworksBuildPhase section */
		6B56D2D224ACDBF700C6E3D3 /* Frameworks */ = {
			isa = PBXFrameworksBuildPhase;
			buildActionMask = 2147483647;
			files = (
			);
			runOnlyForDeploymentPostprocessing = 0;
		};
/* End PBXFrameworksBuildPhase section */

/* Begin PBXGroup section */
		6B56D2CC24ACDBF700C6E3D3 = {
			isa = PBXGroup;
			children = (
				6B56D2D724ACDBF700C6E3D3 /* Slots Demo */,
				6B56D2D624ACDBF700C6E3D3 /* Products */,
			);
			sourceTree = "<group>";
		};
		6B56D2D624ACDBF700C6E3D3 /* Products */ = {
			isa = PBXGroup;
			children = (
				6B56D2D524ACDBF700C6E3D3 /* Slots Demo.app */,
			);
			name = Products;
			sourceTree = "<group>";
		};
		6B56D2D724ACDBF700C6E3D3 /* Slots Demo */ = {
			isa = PBXGroup;
			children = (
				6B56D2D824ACDBF700C6E3D3 /* AppDelegate.swift */,
				6B56D2DA24ACDBF700C6E3D3 /* SceneDelegate.swift */,
				6B56D2DC24ACDBF700C6E3D3 /* ContentView.swift */,
				6B56D2DE24ACDBF900C6E3D3 /* Assets.xcassets */,
				6B56D2E324ACDBF900C6E3D3 /* LaunchScreen.storyboard */,
				6B56D2E624ACDBF900C6E3D3 /* Info.plist */,
				6B56D2E024ACDBF900C6E3D3 /* Preview Content */,
			);
			path = "Slots Demo";
			sourceTree = "<group>";
		};
		6B56D2E024ACDBF900C6E3D3 /* Preview Content */ = {
			isa = PBXGroup;
			children = (
				6B56D2E124ACDBF900C6E3D3 /* Preview Assets.xcassets */,
			);
			path = "Preview Content";
			sourceTree = "<group>";
		};
/* End PBXGroup section */

/* Begin PBXNativeTarget section */
		6B56D2D424ACDBF700C6E3D3 /* Slots Demo */ = {
			isa = PBXNativeTarget;
			buildConfigurationList = 6B56D2E924ACDBF900C6E3D3 /* Build configuration list for PBXNativeTarget "Slots Demo" */;
			buildPhases = (
				6B56D2D124ACDBF700C6E3D3 /* Sources */,
				6B56D2D224ACDBF700C6E3D3 /* Frameworks */,
				6B56D2D324ACDBF700C6E3D3 /* Resources */,
			);
			buildRules = (
			);
			dependencies = (
			);
			name = "Slots Demo";
			productName = "Slots Demo";
			productReference = 6B56D2D524ACDBF700C6E3D3 /* Slots Demo.app */;
			productType = "com.apple.product-type.application";
		};
/* End PBXNativeTarget section */

/* Begin PBXProject section */
		6B56D2CD24ACDBF700C6E3D3 /* Project object */ = {
			isa = PBXProject;
			attributes = {
				LastSwiftUpdateCheck = 1150;
				LastUpgradeCheck = 1150;
				ORGANIZATIONNAME = "Forth, Jared";
				TargetAttributes = {
					6B56D2D424ACDBF700C6E3D3 = {
						CreatedOnToolsVersion = 11.5;
					};
				};
			};
			buildConfigurationList = 6B56D2D024ACDBF700C6E3D3 /* Build configuration list for PBXProject "Slots Demo" */;
			compatibilityVersion = "Xcode 9.3";
			developmentRegion = en;
			hasScannedForEncodings = 0;
			knownRegions = (
				en,
				Base,
			);
			mainGroup = 6B56D2CC24ACDBF700C6E3D3;
			productRefGroup = 6B56D2D624ACDBF700C6E3D3 /* Products */;
			projectDirPath = "";
			projectRoot = "";
			targets = (
				6B56D2D424ACDBF700C6E3D3 /* Slots Demo */,
			);
		};
/* End PBXProject section */

/* Begin PBXResourcesBuildPhase section */
		6B56D2D324ACDBF700C6E3D3 /* Resources */ = {
			isa = PBXResourcesBuildPhase;
			buildActionMask = 2147483647;
			files = (
				6B56D2E524ACDBF900C6E3D3 /* LaunchScreen.storyboard in Resources */,
				6B56D2E224ACDBF900C6E3D3 /* Preview Assets.xcassets in Resources */,
				6B56D2DF24ACDBF900C6E3D3 /* Assets.xcassets in Resources */,
			);
			runOnlyForDeploymentPostprocessing = 0;
		};
/* End PBXResourcesBuildPhase section */

/* Begin PBXSourcesBuildPhase section */
		6B56D2D124ACDBF700C6E3D3 /* Sources */ = {
			isa = PBXSourcesBuildPhase;
			buildActionMask = 2147483647;
			files = (
				6B56D2D924ACDBF700C6E3D3 /* AppDelegate.swift in Sources */,
				6B56D2DB24ACDBF700C6E3D3 /* SceneDelegate.swift in Sources */,
				6B56D2DD24ACDBF700C6E3D3 /* ContentView.swift in Sources */,
			);
			runOnlyForDeploymentPostprocessing = 0;
		};
/* End PBXSourcesBuildPhase section */

/* Begin PBXVariantGroup section */
		6B56D2E324ACDBF900C6E3D3 /* LaunchScreen.storyboard */ = {
			isa = PBXVariantGroup;
			children = (
				6B56D2E424ACDBF900C6E3D3 /* Base */,
			);
			name = LaunchScreen.storyboard;
			sourceTree = "<group>";
		};
/* End PBXVariantGroup section */

/* Begin XCBuildConfiguration section */
		6B56D2E724ACDBF900C6E3D3 /* Debug */ = {
			isa = XCBuildConfiguration;
			buildSettings = {
				ALWAYS_SEARCH_USER_PATHS = NO;
				CLANG_ANALYZER_NONNULL = YES;
				CLANG_ANALYZER_NUMBER_OBJECT_CONVERSION = YES_AGGRESSIVE;
				CLANG_CXX_LANGUAGE_STANDARD = "gnu++14";
				CLANG_CXX_LIBRARY = "libc++";
				CLANG_ENABLE_MODULES = YES;
				CLANG_ENABLE_OBJC_ARC = YES;
				CLANG_ENABLE_OBJC_WEAK = YES;
				CLANG_WARN_BLOCK_CAPTURE_AUTORELEASING = YES;
				CLANG_WARN_BOOL_CONVERSION = YES;
				CLANG_WARN_COMMA = YES;
				CLANG_WARN_CONSTANT_CONVERSION = YES;
				CLANG_WARN_DEPRECATED_OBJC_IMPLEMENTATIONS = YES;
				CLANG_WARN_DIRECT_OBJC_ISA_USAGE = YES_ERROR;
				CLANG_WARN_DOCUMENTATION_COMMENTS = YES;
				CLANG_WARN_EMPTY_BODY = YES;
				CLANG_WARN_ENUM_CONVERSION = YES;
				CLANG_WARN_INFINITE_RECURSION = YES;
				CLANG_WARN_INT_CONVERSION = YES;
				CLANG_WARN_NON_LITERAL_NULL_CONVERSION = YES;
				CLANG_WARN_OBJC_IMPLICIT_RETAIN_SELF = YES;
				CLANG_WARN_OBJC_LITERAL_CONVERSION = YES;
				CLANG_WARN_OBJC_ROOT_CLASS = YES_ERROR;
				CLANG_WARN_RANGE_LOOP_ANALYSIS = YES;
				CLANG_WARN_STRICT_PROTOTYPES = YES;
				CLANG_WARN_SUSPICIOUS_MOVE = YES;
				CLANG_WARN_UNGUARDED_AVAILABILITY = YES_AGGRESSIVE;
				CLANG_WARN_UNREACHABLE_CODE = YES;
				CLANG_WARN__DUPLICATE_METHOD_MATCH = YES;
				COPY_PHASE_STRIP = NO;
				DEBUG_INFORMATION_FORMAT = dwarf;
				ENABLE_STRICT_OBJC_MSGSEND = YES;
				ENABLE_TESTABILITY = YES;
				GCC_C_LANGUAGE_STANDARD = gnu11;
				GCC_DYNAMIC_NO_PIC = NO;
				GCC_NO_COMMON_BLOCKS = YES;
				GCC_OPTIMIZATION_LEVEL = 0;
				GCC_PREPROCESSOR_DEFINITIONS = (
					"DEBUG=1",
					"$(inherited)",
				);
				GCC_WARN_64_TO_32_BIT_CONVERSION = YES;
				GCC_WARN_ABOUT_RETURN_TYPE = YES_ERROR;
				GCC_WARN_UNDECLARED_SELECTOR = YES;
				GCC_WARN_UNINITIALIZED_AUTOS = YES_AGGRESSIVE;
				GCC_WARN_UNUSED_FUNCTION = YES;
				GCC_WARN_UNUSED_VARIABLE = YES;
				IPHONEOS_DEPLOYMENT_TARGET = 13.5;
				MTL_ENABLE_DEBUG_INFO = INCLUDE_SOURCE;
				MTL_FAST_MATH = YES;
				ONLY_ACTIVE_ARCH = YES;
				SDKROOT = iphoneos;
				SWIFT_ACTIVE_COMPILATION_CONDITIONS = DEBUG;
				SWIFT_OPTIMIZATION_LEVEL = "-Onone";
			};
			name = Debug;
		};
		6B56D2E824ACDBF900C6E3D3 /* Release */ = {
			isa = XCBuildConfiguration;
			buildSettings = {
				ALWAYS_SEARCH_USER_PATHS = NO;
				CLANG_ANALYZER_NONNULL = YES;
				CLANG_ANALYZER_NUMBER_OBJECT_CONVERSION = YES_AGGRESSIVE;
				CLANG_CXX_LANGUAGE_STANDARD = "gnu++14";
				CLANG_CXX_LIBRARY = "libc++";
				CLANG_ENABLE_MODULES = YES;
				CLANG_ENABLE_OBJC_ARC = YES;
				CLANG_ENABLE_OBJC_WEAK = YES;
				CLANG_WARN_BLOCK_CAPTURE_AUTORELEASING = YES;
				CLANG_WARN_BOOL_CONVERSION = YES;
				CLANG_WARN_COMMA = YES;
				CLANG_WARN_CONSTANT_CONVERSION = YES;
				CLANG_WARN_DEPRECATED_OBJC_IMPLEMENTATIONS = YES;
				CLANG_WARN_DIRECT_OBJC_ISA_USAGE = YES_ERROR;
				CLANG_WARN_DOCUMENTATION_COMMENTS = YES;
				CLANG_WARN_EMPTY_BODY = YES;
				CLANG_WARN_ENUM_CONVERSION = YES;
				CLANG_WARN_INFINITE_RECURSION = YES;
				CLANG_WARN_INT_CONVERSION = YES;
				CLANG_WARN_NON_LITERAL_NULL_CONVERSION = YES;
				CLANG_WARN_OBJC_IMPLICIT_RETAIN_SELF = YES;
				CLANG_WARN_OBJC_LITERAL_CONVERSION = YES;
				CLANG_WARN_OBJC_ROOT_CLASS = YES_ERROR;
				CLANG_WARN_RANGE_LOOP_ANALYSIS = YES;
				CLANG_WARN_STRICT_PROTOTYPES = YES;
				CLANG_WARN_SUSPICIOUS_MOVE = YES;
				CLANG_WARN_UNGUARDED_AVAILABILITY = YES_AGGRESSIVE;
				CLANG_WARN_UNREACHABLE_CODE = YES;
				CLANG_WARN__DUPLICATE_METHOD_MATCH = YES;
				COPY_PHASE_STRIP = NO;
				DEBUG_INFORMATION_FORMAT = "dwarf-with-dsym";
				ENABLE_NS_ASSERTIONS = NO;
				ENABLE_STRICT_OBJC_MSGSEND = YES;
				GCC_C_LANGUAGE_STANDARD = gnu11;
				GCC_NO_COMMON_BLOCKS = YES;
				GCC_WARN_64_TO_32_BIT_CONVERSION = YES;
				GCC_WARN_ABOUT_RETURN_TYPE = YES_ERROR;
				GCC_WARN_UNDECLARED_SELECTOR = YES;
				GCC_WARN_UNINITIALIZED_AUTOS = YES_AGGRESSIVE;
				GCC_WARN_UNUSED_FUNCTION = YES;
				GCC_WARN_UNUSED_VARIABLE = YES;
				IPHONEOS_DEPLOYMENT_TARGET = 13.5;
				MTL_ENABLE_DEBUG_INFO = NO;
				MTL_FAST_MATH = YES;
				SDKROOT = iphoneos;
				SWIFT_COMPILATION_MODE = wholemodule;
				SWIFT_OPTIMIZATION_LEVEL = "-O";
				VALIDATE_PRODUCT = YES;
			};
			name = Release;
		};
		6B56D2EA24ACDBF900C6E3D3 /* Debug */ = {
			isa = XCBuildConfiguration;
			buildSettings = {
				ASSETCATALOG_COMPILER_APPICON_NAME = AppIcon;
				CODE_SIGN_STYLE = Automatic;
				DEVELOPMENT_ASSET_PATHS = "\"Slots Demo/Preview Content\"";
				DEVELOPMENT_TEAM = SQM2P9T4R6;
				ENABLE_PREVIEWS = YES;
				INFOPLIST_FILE = "Slots Demo/Info.plist";
				LD_RUNPATH_SEARCH_PATHS = (
					"$(inherited)",
					"@executable_path/Frameworks",
				);
				PRODUCT_BUNDLE_IDENTIFIER = "com.sizewize.Slots-Demo";
				PRODUCT_NAME = "$(TARGET_NAME)";
				SWIFT_VERSION = 5.0;
				TARGETED_DEVICE_FAMILY = "1,2";
			};
			name = Debug;
		};
		6B56D2EB24ACDBF900C6E3D3 /* Release */ = {
			isa = XCBuildConfiguration;
			buildSettings = {
				ASSETCATALOG_COMPILER_APPICON_NAME = AppIcon;
				CODE_SIGN_STYLE = Automatic;
				DEVELOPMENT_ASSET_PATHS = "\"Slots Demo/Preview Content\"";
				DEVELOPMENT_TEAM = SQM2P9T4R6;
				ENABLE_PREVIEWS = YES;
				INFOPLIST_FILE = "Slots Demo/Info.plist";
				LD_RUNPATH_SEARCH_PATHS = (
					"$(inherited)",
					"@executable_path/Frameworks",
				);
				PRODUCT_BUNDLE_IDENTIFIER = "com.sizewize.Slots-Demo";
				PRODUCT_NAME = "$(TARGET_NAME)";
				SWIFT_VERSION = 5.0;
				TARGETED_DEVICE_FAMILY = "1,2";
			};
			name = Release;
		};
/* End XCBuildConfiguration section */

/* Begin XCConfigurationList section */
		6B56D2D024ACDBF700C6E3D3 /* Build configuration list for PBXProject "Slots Demo" */ = {
			isa = XCConfigurationList;
			buildConfigurations = (
				6B56D2E724ACDBF900C6E3D3 /* Debug */,
				6B56D2E824ACDBF900C6E3D3 /* Release */,
			);
			defaultConfigurationIsVisible = 0;
			defaultConfigurationName = Release;
		};
		6B56D2E924ACDBF900C6E3D3 /* Build configuration list for PBXNativeTarget "Slots Demo" */ = {
			isa = XCConfigurationList;
			buildConfigurations = (
				6B56D2EA24ACDBF900C6E3D3 /* Debug */,
				6B56D2EB24ACDBF900C6E3D3 /* Release */,
			);
			defaultConfigurationIsVisible = 0;
			defaultConfigurationName = Release;
		};
/* End XCConfigurationList section */
	};
	rootObject = 6B56D2CD24ACDBF700C6E3D3 /* Project object */;
}
